
Microsoft Visual Studio Solution File, Format Version 12.00
# Visual Studio Version 17
VisualStudioVersion = 17.9.34723.18
MinimumVisualStudioVersion = 10.0.40219.1
Project("{FAE04EC0-301F-11D3-BF4B-00C04F79EFBC}") = "regulareExpression", "regulareExpression\regulareExpression.csproj", "{F6F7A2B3-A26C-4481-974C-BCE5D1C6063C}"
EndProject
Global
	GlobalSection(SolutionConfigurationPlatforms) = preSolution
		Debug|Any CPU = Debug|Any CPU
		Release|Any CPU = Release|Any CPU
	EndGlobalSection
	GlobalSection(ProjectConfigurationPlatforms) = postSolution
		{F6F7A2B3-A26C-4481-974C-BCE5D1C6063C}.Debug|Any CPU.ActiveCfg = Debug|Any CPU
		{F6F7A2B3-A26C-4481-974C-BCE5D1C6063C}.Debug|Any CPU.Build.0 = Debug|Any CPU
		{F6F7A2B3-A26C-4481-974C-BCE5D1C6063C}.Release|Any CPU.ActiveCfg = Release|Any CPU
		{F6F7A2B3-A26C-4481-974C-BCE5D1C6063C}.Release|Any CPU.Build.0 = Release|Any CPU
	EndGlobalSection
	GlobalSection(SolutionProperties) = preSolution
		HideSolutionNode = FALSE
	EndGlobalSection
	GlobalSection(ExtensibilityGlobals) = postSolution
		SolutionGuid = {CFD45D0B-9E9B-4C76-BCC6-A3990810768C}
	EndGlobalSection
EndGlobal
